// !$*UTF8*$!
{
	archiveVersion = 1;
	classes = {
	};
	objectVersion = 46;
	objects = {

/* Begin PBXBuildFile section */
		064868CAAD838E9FBE4C719A /* libPods-WebViewDemoUITests.a in Frameworks */ = {isa = PBXBuildFile; fileRef = EEEF5446ED4F9F2A746E7CA0 /* libPods-WebViewDemoUITests.a */; };
		33E37ADC27AD90A920CF5AF2 /* libPods-WebViewDemo.a in Frameworks */ = {isa = PBXBuildFile; fileRef = 6B4A8C2E9629E7D45FEA205D /* libPods-WebViewDemo.a */; };
		F7E31EA1F841C6A230844579 /* libPods-WebViewDemoTests.a in Frameworks */ = {isa = PBXBuildFile; fileRef = DE879A462E345E357A9B7039 /* libPods-WebViewDemoTests.a */; };
		FC353B7B1D2CD44A00BC5A2A /* JavaScripService.m in Sources */ = {isa = PBXBuildFile; fileRef = FC353B7A1D2CD44A00BC5A2A /* JavaScripService.m */; };
		FC5FB74E1D27B85F0096A042 /* UIButton+Block.m in Sources */ = {isa = PBXBuildFile; fileRef = FC5FB74D1D27B85F0096A042 /* UIButton+Block.m */; };
		FC5FB7511D29492A0096A042 /* NSNumber+Caculator.m in Sources */ = {isa = PBXBuildFile; fileRef = FC5FB7501D29492A0096A042 /* NSNumber+Caculator.m */; };
		FC5FB7551D2950760096A042 /* NSNumberCaculatorTest.m in Sources */ = {isa = PBXBuildFile; fileRef = FC5FB7541D2950760096A042 /* NSNumberCaculatorTest.m */; };
		FCB6083E1D5196A300A6D5B0 /* RootoViewController.m in Sources */ = {isa = PBXBuildFile; fileRef = FCB6083D1D5196A300A6D5B0 /* RootoViewController.m */; };
		FCD771EF1D27B42900005CC7 /* UIFactory.m in Sources */ = {isa = PBXBuildFile; fileRef = FCD771EE1D27B42900005CC7 /* UIFactory.m */; };
		FCF190401D11858800900974 /* main.m in Sources */ = {isa = PBXBuildFile; fileRef = FCF1903F1D11858800900974 /* main.m */; };
		FCF190431D11858800900974 /* AppDelegate.m in Sources */ = {isa = PBXBuildFile; fileRef = FCF190421D11858800900974 /* AppDelegate.m */; };
		FCF190461D11858800900974 /* ViewController.m in Sources */ = {isa = PBXBuildFile; fileRef = FCF190451D11858800900974 /* ViewController.m */; };
		FCF190491D11858800900974 /* Main.storyboard in Resources */ = {isa = PBXBuildFile; fileRef = FCF190471D11858800900974 /* Main.storyboard */; };
		FCF1904B1D11858800900974 /* Assets.xcassets in Resources */ = {isa = PBXBuildFile; fileRef = FCF1904A1D11858800900974 /* Assets.xcassets */; };
		FCF1904E1D11858800900974 /* LaunchScreen.storyboard in Resources */ = {isa = PBXBuildFile; fileRef = FCF1904C1D11858800900974 /* LaunchScreen.storyboard */; };
		FCF190591D11858900900974 /* WebViewDemoTests.m in Sources */ = {isa = PBXBuildFile; fileRef = FCF190581D11858900900974 /* WebViewDemoTests.m */; };
		FCF190641D11858900900974 /* WebViewDemoUITests.m in Sources */ = {isa = PBXBuildFile; fileRef = FCF190631D11858900900974 /* WebViewDemoUITests.m */; };
		FCF190741D1185CC00900974 /* testWebView.html in Resources */ = {isa = PBXBuildFile; fileRef = FCF190711D1185CC00900974 /* testWebView.html */; };
		FCF190751D1185CC00900974 /* UIWebView+JavaScript.m in Sources */ = {isa = PBXBuildFile; fileRef = FCF190731D1185CC00900974 /* UIWebView+JavaScript.m */; };
/* End PBXBuildFile section */

/* Begin PBXContainerItemProxy section */
		FCF190551D11858900900974 /* PBXContainerItemProxy */ = {
			isa = PBXContainerItemProxy;
			containerPortal = FCF190331D11858800900974 /* Project object */;
			proxyType = 1;
			remoteGlobalIDString = FCF1903A1D11858800900974;
			remoteInfo = WebViewDemo;
		};
		FCF190601D11858900900974 /* PBXContainerItemProxy */ = {
			isa = PBXContainerItemProxy;
			containerPortal = FCF190331D11858800900974 /* Project object */;
			proxyType = 1;
			remoteGlobalIDString = FCF1903A1D11858800900974;
			remoteInfo = WebViewDemo;
		};
/* End PBXContainerItemProxy section */

/* Begin PBXFileReference section */
		18945E0BBED292DB5CA2DB97 /* Pods-WebViewDemo.release.xcconfig */ = {isa = PBXFileReference; includeInIndex = 1; lastKnownFileType = text.xcconfig; name = "Pods-WebViewDemo.release.xcconfig"; path = "Pods/Target Support Files/Pods-WebViewDemo/Pods-WebViewDemo.release.xcconfig"; sourceTree = "<group>"; };
		2EFC244D3E22712CE8B9B4E1 /* Pods-WebViewDemoTests.debug.xcconfig */ = {isa = PBXFileReference; includeInIndex = 1; lastKnownFileType = text.xcconfig; name = "Pods-WebViewDemoTests.debug.xcconfig"; path = "Pods/Target Support Files/Pods-WebViewDemoTests/Pods-WebViewDemoTests.debug.xcconfig"; sourceTree = "<group>"; };
		319829F7175395FA4CFE4BC9 /* Pods-WebViewDemoUITests.debug.xcconfig */ = {isa = PBXFileReference; includeInIndex = 1; lastKnownFileType = text.xcconfig; name = "Pods-WebViewDemoUITests.debug.xcconfig"; path = "Pods/Target Support Files/Pods-WebViewDemoUITests/Pods-WebViewDemoUITests.debug.xcconfig"; sourceTree = "<group>"; };
		6B4A8C2E9629E7D45FEA205D /* libPods-WebViewDemo.a */ = {isa = PBXFileReference; explicitFileType = archive.ar; includeInIndex = 0; path = "libPods-WebViewDemo.a"; sourceTree = BUILT_PRODUCTS_DIR; };
		872A1A1C19698B60A1851AC2 /* Pods-WebViewDemoUITests.release.xcconfig */ = {isa = PBXFileReference; includeInIndex = 1; lastKnownFileType = text.xcconfig; name = "Pods-WebViewDemoUITests.release.xcconfig"; path = "Pods/Target Support Files/Pods-WebViewDemoUITests/Pods-WebViewDemoUITests.release.xcconfig"; sourceTree = "<group>"; };
		DBE2905A210B08A49E5CB168 /* Pods-WebViewDemo.debug.xcconfig */ = {isa = PBXFileReference; includeInIndex = 1; lastKnownFileType = text.xcconfig; name = "Pods-WebViewDemo.debug.xcconfig"; path = "Pods/Target Support Files/Pods-WebViewDemo/Pods-WebViewDemo.debug.xcconfig"; sourceTree = "<group>"; };
		DE879A462E345E357A9B7039 /* libPods-WebViewDemoTests.a */ = {isa = PBXFileReference; explicitFileType = archive.ar; includeInIndex = 0; path = "libPods-WebViewDemoTests.a"; sourceTree = BUILT_PRODUCTS_DIR; };
		E2A7DC3DACE29DE3103F2F9F /* Pods-WebViewDemoTests.release.xcconfig */ = {isa = PBXFileReference; includeInIndex = 1; lastKnownFileType = text.xcconfig; name = "Pods-WebViewDemoTests.release.xcconfig"; path = "Pods/Target Support Files/Pods-WebViewDemoTests/Pods-WebViewDemoTests.release.xcconfig"; sourceTree = "<group>"; };
		EEEF5446ED4F9F2A746E7CA0 /* libPods-WebViewDemoUITests.a */ = {isa = PBXFileReference; explicitFileType = archive.ar; includeInIndex = 0; path = "libPods-WebViewDemoUITests.a"; sourceTree = BUILT_PRODUCTS_DIR; };
		FC353B781D2CCD9700BC5A2A /* JSBridgeExport.h */ = {isa = PBXFileReference; lastKnownFileType = sourcecode.c.h; path = JSBridgeExport.h; sourceTree = "<group>"; };
		FC353B791D2CD44A00BC5A2A /* JavaScripService.h */ = {isa = PBXFileReference; fileEncoding = 4; lastKnownFileType = sourcecode.c.h; path = JavaScripService.h; sourceTree = "<group>"; };
		FC353B7A1D2CD44A00BC5A2A /* JavaScripService.m */ = {isa = PBXFileReference; fileEncoding = 4; lastKnownFileType = sourcecode.c.objc; path = JavaScripService.m; sourceTree = "<group>"; };
		FC5FB74C1D27B85F0096A042 /* UIButton+Block.h */ = {isa = PBXFileReference; fileEncoding = 4; lastKnownFileType = sourcecode.c.h; path = "UIButton+Block.h"; sourceTree = "<group>"; };
		FC5FB74D1D27B85F0096A042 /* UIButton+Block.m */ = {isa = PBXFileReference; fileEncoding = 4; lastKnownFileType = sourcecode.c.objc; path = "UIButton+Block.m"; sourceTree = "<group>"; };
		FC5FB74F1D29492A0096A042 /* NSNumber+Caculator.h */ = {isa = PBXFileReference; fileEncoding = 4; lastKnownFileType = sourcecode.c.h; path = "NSNumber+Caculator.h"; sourceTree = "<group>"; };
		FC5FB7501D29492A0096A042 /* NSNumber+Caculator.m */ = {isa = PBXFileReference; fileEncoding = 4; lastKnownFileType = sourcecode.c.objc; path = "NSNumber+Caculator.m"; sourceTree = "<group>"; };
		FC5FB7541D2950760096A042 /* NSNumberCaculatorTest.m */ = {isa = PBXFileReference; fileEncoding = 4; lastKnownFileType = sourcecode.c.objc; path = NSNumberCaculatorTest.m; sourceTree = "<group>"; };
		FCB6083C1D5196A300A6D5B0 /* RootoViewController.h */ = {isa = PBXFileReference; fileEncoding = 4; lastKnownFileType = sourcecode.c.h; path = RootoViewController.h; sourceTree = "<group>"; };
		FCB6083D1D5196A300A6D5B0 /* RootoViewController.m */ = {isa = PBXFileReference; fileEncoding = 4; lastKnownFileType = sourcecode.c.objc; path = RootoViewController.m; sourceTree = "<group>"; };
		FCD771ED1D27B42900005CC7 /* UIFactory.h */ = {isa = PBXFileReference; fileEncoding = 4; lastKnownFileType = sourcecode.c.h; path = UIFactory.h; sourceTree = "<group>"; };
		FCD771EE1D27B42900005CC7 /* UIFactory.m */ = {isa = PBXFileReference; fileEncoding = 4; lastKnownFileType = sourcecode.c.objc; path = UIFactory.m; sourceTree = "<group>"; };
		FCF1903B1D11858800900974 /* WebViewDemo.app */ = {isa = PBXFileReference; explicitFileType = wrapper.application; includeInIndex = 0; path = WebViewDemo.app; sourceTree = BUILT_PRODUCTS_DIR; };
		FCF1903F1D11858800900974 /* main.m */ = {isa = PBXFileReference; lastKnownFileType = sourcecode.c.objc; path = main.m; sourceTree = "<group>"; };
		FCF190411D11858800900974 /* AppDelegate.h */ = {isa = PBXFileReference; lastKnownFileType = sourcecode.c.h; path = AppDelegate.h; sourceTree = "<group>"; };
		FCF190421D11858800900974 /* AppDelegate.m */ = {isa = PBXFileReference; lastKnownFileType = sourcecode.c.objc; path = AppDelegate.m; sourceTree = "<group>"; };
		FCF190441D11858800900974 /* ViewController.h */ = {isa = PBXFileReference; lastKnownFileType = sourcecode.c.h; path = ViewController.h; sourceTree = "<group>"; };
		FCF190451D11858800900974 /* ViewController.m */ = {isa = PBXFileReference; lastKnownFileType = sourcecode.c.objc; path = ViewController.m; sourceTree = "<group>"; };
		FCF190481D11858800900974 /* Base */ = {isa = PBXFileReference; lastKnownFileType = file.storyboard; name = Base; path = Base.lproj/Main.storyboard; sourceTree = "<group>"; };
		FCF1904A1D11858800900974 /* Assets.xcassets */ = {isa = PBXFileReference; lastKnownFileType = folder.assetcatalog; path = Assets.xcassets; sourceTree = "<group>"; };
		FCF1904D1D11858800900974 /* Base */ = {isa = PBXFileReference; lastKnownFileType = file.storyboard; name = Base; path = Base.lproj/LaunchScreen.storyboard; sourceTree = "<group>"; };
		FCF1904F1D11858800900974 /* Info.plist */ = {isa = PBXFileReference; lastKnownFileType = text.plist.xml; path = Info.plist; sourceTree = "<group>"; };
		FCF190541D11858900900974 /* WebViewDemoTests.xctest */ = {isa = PBXFileReference; explicitFileType = wrapper.cfbundle; includeInIndex = 0; path = WebViewDemoTests.xctest; sourceTree = BUILT_PRODUCTS_DIR; };
		FCF190581D11858900900974 /* WebViewDemoTests.m */ = {isa = PBXFileReference; lastKnownFileType = sourcecode.c.objc; path = WebViewDemoTests.m; sourceTree = "<group>"; };
		FCF1905A1D11858900900974 /* Info.plist */ = {isa = PBXFileReference; lastKnownFileType = text.plist.xml; path = Info.plist; sourceTree = "<group>"; };
		FCF1905F1D11858900900974 /* WebViewDemoUITests.xctest */ = {isa = PBXFileReference; explicitFileType = wrapper.cfbundle; includeInIndex = 0; path = WebViewDemoUITests.xctest; sourceTree = BUILT_PRODUCTS_DIR; };
		FCF190631D11858900900974 /* WebViewDemoUITests.m */ = {isa = PBXFileReference; lastKnownFileType = sourcecode.c.objc; path = WebViewDemoUITests.m; sourceTree = "<group>"; };
		FCF190651D11858900900974 /* Info.plist */ = {isa = PBXFileReference; lastKnownFileType = text.plist.xml; path = Info.plist; sourceTree = "<group>"; };
		FCF190711D1185CC00900974 /* testWebView.html */ = {isa = PBXFileReference; fileEncoding = 4; lastKnownFileType = text.html; path = testWebView.html; sourceTree = "<group>"; };
		FCF190721D1185CC00900974 /* UIWebView+JavaScript.h */ = {isa = PBXFileReference; fileEncoding = 4; lastKnownFileType = sourcecode.c.h; path = "UIWebView+JavaScript.h"; sourceTree = "<group>"; };
		FCF190731D1185CC00900974 /* UIWebView+JavaScript.m */ = {isa = PBXFileReference; fileEncoding = 4; lastKnownFileType = sourcecode.c.objc; path = "UIWebView+JavaScript.m"; sourceTree = "<group>"; };
/* End PBXFileReference section */

/* Begin PBXFrameworksBuildPhase section */
		FCF190381D11858800900974 /* Frameworks */ = {
			isa = PBXFrameworksBuildPhase;
			buildActionMask = 2147483647;
			files = (
				33E37ADC27AD90A920CF5AF2 /* libPods-WebViewDemo.a in Frameworks */,
			);
			runOnlyForDeploymentPostprocessing = 0;
		};
		FCF190511D11858900900974 /* Frameworks */ = {
			isa = PBXFrameworksBuildPhase;
			buildActionMask = 2147483647;
			files = (
				F7E31EA1F841C6A230844579 /* libPods-WebViewDemoTests.a in Frameworks */,
			);
			runOnlyForDeploymentPostprocessing = 0;
		};
		FCF1905C1D11858900900974 /* Frameworks */ = {
			isa = PBXFrameworksBuildPhase;
			buildActionMask = 2147483647;
			files = (
				064868CAAD838E9FBE4C719A /* libPods-WebViewDemoUITests.a in Frameworks */,
			);
			runOnlyForDeploymentPostprocessing = 0;
		};
/* End PBXFrameworksBuildPhase section */

/* Begin PBXGroup section */
		07FC147AE14FA0C3F2E82B71 /* Pods */ = {
			isa = PBXGroup;
			children = (
				DBE2905A210B08A49E5CB168 /* Pods-WebViewDemo.debug.xcconfig */,
				18945E0BBED292DB5CA2DB97 /* Pods-WebViewDemo.release.xcconfig */,
				2EFC244D3E22712CE8B9B4E1 /* Pods-WebViewDemoTests.debug.xcconfig */,
				E2A7DC3DACE29DE3103F2F9F /* Pods-WebViewDemoTests.release.xcconfig */,
				319829F7175395FA4CFE4BC9 /* Pods-WebViewDemoUITests.debug.xcconfig */,
				872A1A1C19698B60A1851AC2 /* Pods-WebViewDemoUITests.release.xcconfig */,
			);
			name = Pods;
			sourceTree = "<group>";
		};
		33F36D076995243FBD1D7E75 /* Frameworks */ = {
			isa = PBXGroup;
			children = (
				6B4A8C2E9629E7D45FEA205D /* libPods-WebViewDemo.a */,
				DE879A462E345E357A9B7039 /* libPods-WebViewDemoTests.a */,
				EEEF5446ED4F9F2A746E7CA0 /* libPods-WebViewDemoUITests.a */,
			);
			name = Frameworks;
			sourceTree = "<group>";
		};
		FCD771EC1D27B3D900005CC7 /* RACDemo */ = {
			isa = PBXGroup;
			children = (
				FCD771ED1D27B42900005CC7 /* UIFactory.h */,
				FCD771EE1D27B42900005CC7 /* UIFactory.m */,
				FC5FB74C1D27B85F0096A042 /* UIButton+Block.h */,
				FC5FB74D1D27B85F0096A042 /* UIButton+Block.m */,
				FC5FB74F1D29492A0096A042 /* NSNumber+Caculator.h */,
				FC5FB7501D29492A0096A042 /* NSNumber+Caculator.m */,
			);
			path = RACDemo;
			sourceTree = "<group>";
		};
		FCF190321D11858800900974 = {
			isa = PBXGroup;
			children = (
				FCF1903D1D11858800900974 /* WebViewDemo */,
				FCF190571D11858900900974 /* WebViewDemoTests */,
				FCF190621D11858900900974 /* WebViewDemoUITests */,
				FCF1903C1D11858800900974 /* Products */,
				07FC147AE14FA0C3F2E82B71 /* Pods */,
				33F36D076995243FBD1D7E75 /* Frameworks */,
			);
			sourceTree = "<group>";
		};
		FCF1903C1D11858800900974 /* Products */ = {
			isa = PBXGroup;
			children = (
				FCF1903B1D11858800900974 /* WebViewDemo.app */,
				FCF190541D11858900900974 /* WebViewDemoTests.xctest */,
				FCF1905F1D11858900900974 /* WebViewDemoUITests.xctest */,
			);
			name = Products;
			sourceTree = "<group>";
		};
		FCF1903D1D11858800900974 /* WebViewDemo */ = {
			isa = PBXGroup;
			children = (
				FCD771EC1D27B3D900005CC7 /* RACDemo */,
				FC353B781D2CCD9700BC5A2A /* JSBridgeExport.h */,
				FC353B791D2CD44A00BC5A2A /* JavaScripService.h */,
				FC353B7A1D2CD44A00BC5A2A /* JavaScripService.m */,
				FCF190721D1185CC00900974 /* UIWebView+JavaScript.h */,
				FCF190731D1185CC00900974 /* UIWebView+JavaScript.m */,
				FCF190411D11858800900974 /* AppDelegate.h */,
				FCF190421D11858800900974 /* AppDelegate.m */,
				FCB6083C1D5196A300A6D5B0 /* RootoViewController.h */,
				FCB6083D1D5196A300A6D5B0 /* RootoViewController.m */,
				FCF190441D11858800900974 /* ViewController.h */,
				FCF190451D11858800900974 /* ViewController.m */,
				FCF190471D11858800900974 /* Main.storyboard */,
				FCF1904A1D11858800900974 /* Assets.xcassets */,
				FCF1904C1D11858800900974 /* LaunchScreen.storyboard */,
				FCF1904F1D11858800900974 /* Info.plist */,
				FCF190711D1185CC00900974 /* testWebView.html */,
				FCF1903E1D11858800900974 /* Supporting Files */,
			);
			path = WebViewDemo;
			sourceTree = "<group>";
		};
		FCF1903E1D11858800900974 /* Supporting Files */ = {
			isa = PBXGroup;
			children = (
				FCF1903F1D11858800900974 /* main.m */,
			);
			name = "Supporting Files";
			sourceTree = "<group>";
		};
		FCF190571D11858900900974 /* WebViewDemoTests */ = {
			isa = PBXGroup;
			children = (
				FCF190581D11858900900974 /* WebViewDemoTests.m */,
				FC5FB7541D2950760096A042 /* NSNumberCaculatorTest.m */,
				FCF1905A1D11858900900974 /* Info.plist */,
			);
			path = WebViewDemoTests;
			sourceTree = "<group>";
		};
		FCF190621D11858900900974 /* WebViewDemoUITests */ = {
			isa = PBXGroup;
			children = (
				FCF190631D11858900900974 /* WebViewDemoUITests.m */,
				FCF190651D11858900900974 /* Info.plist */,
			);
			path = WebViewDemoUITests;
			sourceTree = "<group>";
		};
/* End PBXGroup section */

/* Begin PBXNativeTarget section */
		FCF1903A1D11858800900974 /* WebViewDemo */ = {
			isa = PBXNativeTarget;
			buildConfigurationList = FCF190681D11858900900974 /* Build configuration list for PBXNativeTarget "WebViewDemo" */;
			buildPhases = (
				4D11B12F0D5840B67B4AF441 /* [CP] Check Pods Manifest.lock */,
				FCF190371D11858800900974 /* Sources */,
				FCF190381D11858800900974 /* Frameworks */,
				FCF190391D11858800900974 /* Resources */,
				E7737EEB66255D934B018D81 /* [CP] Embed Pods Frameworks */,
				B46B935CC9E6B4732CCDC1E3 /* [CP] Copy Pods Resources */,
			);
			buildRules = (
			);
			dependencies = (
			);
			name = WebViewDemo;
			productName = WebViewDemo;
			productReference = FCF1903B1D11858800900974 /* WebViewDemo.app */;
			productType = "com.apple.product-type.application";
		};
		FCF190531D11858900900974 /* WebViewDemoTests */ = {
			isa = PBXNativeTarget;
			buildConfigurationList = FCF1906B1D11858900900974 /* Build configuration list for PBXNativeTarget "WebViewDemoTests" */;
			buildPhases = (
				B374A8044548DF01F52713CA /* [CP] Check Pods Manifest.lock */,
				FCF190501D11858900900974 /* Sources */,
				FCF190511D11858900900974 /* Frameworks */,
				FCF190521D11858900900974 /* Resources */,
				A68A73CD75605791F2982436 /* [CP] Embed Pods Frameworks */,
				C1BB0B0CE95019EB67DD8D32 /* [CP] Copy Pods Resources */,
			);
			buildRules = (
			);
			dependencies = (
				FCF190561D11858900900974 /* PBXTargetDependency */,
			);
			name = WebViewDemoTests;
			productName = WebViewDemoTests;
			productReference = FCF190541D11858900900974 /* WebViewDemoTests.xctest */;
			productType = "com.apple.product-type.bundle.unit-test";
		};
		FCF1905E1D11858900900974 /* WebViewDemoUITests */ = {
			isa = PBXNativeTarget;
			buildConfigurationList = FCF1906E1D11858900900974 /* Build configuration list for PBXNativeTarget "WebViewDemoUITests" */;
			buildPhases = (
				A0ED5409ADEDCEF1C443EB31 /* [CP] Check Pods Manifest.lock */,
				FCF1905B1D11858900900974 /* Sources */,
				FCF1905C1D11858900900974 /* Frameworks */,
				FCF1905D1D11858900900974 /* Resources */,
				8D76A276CAB06F89DCADD1C4 /* [CP] Embed Pods Frameworks */,
				E0595C95D2D194A26145D8D4 /* [CP] Copy Pods Resources */,
			);
			buildRules = (
			);
			dependencies = (
				FCF190611D11858900900974 /* PBXTargetDependency */,
			);
			name = WebViewDemoUITests;
			productName = WebViewDemoUITests;
			productReference = FCF1905F1D11858900900974 /* WebViewDemoUITests.xctest */;
			productType = "com.apple.product-type.bundle.ui-testing";
		};
/* End PBXNativeTarget section */

/* Begin PBXProject section */
		FCF190331D11858800900974 /* Project object */ = {
			isa = PBXProject;
			attributes = {
				LastUpgradeCheck = 0730;
				ORGANIZATIONNAME = ChinaHR;
				TargetAttributes = {
					FCF1903A1D11858800900974 = {
						CreatedOnToolsVersion = 7.3.1;
					};
					FCF190531D11858900900974 = {
						CreatedOnToolsVersion = 7.3.1;
						TestTargetID = FCF1903A1D11858800900974;
					};
					FCF1905E1D11858900900974 = {
						CreatedOnToolsVersion = 7.3.1;
						TestTargetID = FCF1903A1D11858800900974;
					};
				};
			};
			buildConfigurationList = FCF190361D11858800900974 /* Build configuration list for PBXProject "WebViewDemo" */;
			compatibilityVersion = "Xcode 3.2";
			developmentRegion = English;
			hasScannedForEncodings = 0;
			knownRegions = (
				en,
				Base,
			);
			mainGroup = FCF190321D11858800900974;
			productRefGroup = FCF1903C1D11858800900974 /* Products */;
			projectDirPath = "";
			projectRoot = "";
			targets = (
				FCF1903A1D11858800900974 /* WebViewDemo */,
				FCF190531D11858900900974 /* WebViewDemoTests */,
				FCF1905E1D11858900900974 /* WebViewDemoUITests */,
			);
		};
/* End PBXProject section */

/* Begin PBXResourcesBuildPhase section */
		FCF190391D11858800900974 /* Resources */ = {
			isa = PBXResourcesBuildPhase;
			buildActionMask = 2147483647;
			files = (
				FCF190741D1185CC00900974 /* testWebView.html in Resources */,
				FCF1904E1D11858800900974 /* LaunchScreen.storyboard in Resources */,
				FCF1904B1D11858800900974 /* Assets.xcassets in Resources */,
				FCF190491D11858800900974 /* Main.storyboard in Resources */,
			);
			runOnlyForDeploymentPostprocessing = 0;
		};
		FCF190521D11858900900974 /* Resources */ = {
			isa = PBXResourcesBuildPhase;
			buildActionMask = 2147483647;
			files = (
			);
			runOnlyForDeploymentPostprocessing = 0;
		};
		FCF1905D1D11858900900974 /* Resources */ = {
			isa = PBXResourcesBuildPhase;
			buildActionMask = 2147483647;
			files = (
			);
			runOnlyForDeploymentPostprocessing = 0;
		};
/* End PBXResourcesBuildPhase section */

/* Begin PBXShellScriptBuildPhase section */
		4D11B12F0D5840B67B4AF441 /* [CP] Check Pods Manifest.lock */ = {
			isa = PBXShellScriptBuildPhase;
			buildActionMask = 2147483647;
			files = (
			);
			inputPaths = (
			);
			name = "[CP] Check Pods Manifest.lock";
			outputPaths = (
			);
			runOnlyForDeploymentPostprocessing = 0;
			shellPath = /bin/sh;
			shellScript = "diff \"${PODS_ROOT}/../Podfile.lock\" \"${PODS_ROOT}/Manifest.lock\" > /dev/null\nif [ $? != 0 ] ; then\n    # print error to STDERR\n    echo \"error: The sandbox is not in sync with the Podfile.lock. Run 'pod install' or update your CocoaPods installation.\" >&2\n    exit 1\nfi\n";
			showEnvVarsInLog = 0;
		};
		8D76A276CAB06F89DCADD1C4 /* [CP] Embed Pods Frameworks */ = {
			isa = PBXShellScriptBuildPhase;
			buildActionMask = 2147483647;
			files = (
			);
			inputPaths = (
			);
			name = "[CP] Embed Pods Frameworks";
			outputPaths = (
			);
			runOnlyForDeploymentPostprocessing = 0;
			shellPath = /bin/sh;
			shellScript = "\"${SRCROOT}/Pods/Target Support Files/Pods-WebViewDemoUITests/Pods-WebViewDemoUITests-frameworks.sh\"\n";
			showEnvVarsInLog = 0;
		};
		A0ED5409ADEDCEF1C443EB31 /* [CP] Check Pods Manifest.lock */ = {
			isa = PBXShellScriptBuildPhase;
			buildActionMask = 2147483647;
			files = (
			);
			inputPaths = (
			);
			name = "[CP] Check Pods Manifest.lock";
			outputPaths = (
			);
			runOnlyForDeploymentPostprocessing = 0;
			shellPath = /bin/sh;
			shellScript = "diff \"${PODS_ROOT}/../Podfile.lock\" \"${PODS_ROOT}/Manifest.lock\" > /dev/null\nif [ $? != 0 ] ; then\n    # print error to STDERR\n    echo \"error: The sandbox is not in sync with the Podfile.lock. Run 'pod install' or update your CocoaPods installation.\" >&2\n    exit 1\nfi\n";
			showEnvVarsInLog = 0;
		};
		A68A73CD75605791F2982436 /* [CP] Embed Pods Frameworks */ = {
			isa = PBXShellScriptBuildPhase;
			buildActionMask = 2147483647;
			files = (
			);
			inputPaths = (
			);
			name = "[CP] Embed Pods Frameworks";
			outputPaths = (
			);
			runOnlyForDeploymentPostprocessing = 0;
			shellPath = /bin/sh;
			shellScript = "\"${SRCROOT}/Pods/Target Support Files/Pods-WebViewDemoTests/Pods-WebViewDemoTests-frameworks.sh\"\n";
			showEnvVarsInLog = 0;
		};
		B374A8044548DF01F52713CA /* [CP] Check Pods Manifest.lock */ = {
			isa = PBXShellScriptBuildPhase;
			buildActionMask = 2147483647;
			files = (
			);
			inputPaths = (
			);
			name = "[CP] Check Pods Manifest.lock";
			outputPaths = (
			);
			runOnlyForDeploymentPostprocessing = 0;
			shellPath = /bin/sh;
			shellScript = "diff \"${PODS_ROOT}/../Podfile.lock\" \"${PODS_ROOT}/Manifest.lock\" > /dev/null\nif [ $? != 0 ] ; then\n    # print error to STDERR\n    echo \"error: The sandbox is not in sync with the Podfile.lock. Run 'pod install' or update your CocoaPods installation.\" >&2\n    exit 1\nfi\n";
			showEnvVarsInLog = 0;
		};
		B46B935CC9E6B4732CCDC1E3 /* [CP] Copy Pods Resources */ = {
			isa = PBXShellScriptBuildPhase;
			buildActionMask = 2147483647;
			files = (
			);
			inputPaths = (
			);
			name = "[CP] Copy Pods Resources";
			outputPaths = (
			);
			runOnlyForDeploymentPostprocessing = 0;
			shellPath = /bin/sh;
			shellScript = "\"${SRCROOT}/Pods/Target Support Files/Pods-WebViewDemo/Pods-WebViewDemo-resources.sh\"\n";
			showEnvVarsInLog = 0;
		};
		C1BB0B0CE95019EB67DD8D32 /* [CP] Copy Pods Resources */ = {
			isa = PBXShellScriptBuildPhase;
			buildActionMask = 2147483647;
			files = (
			);
			inputPaths = (
			);
			name = "[CP] Copy Pods Resources";
			outputPaths = (
			);
			runOnlyForDeploymentPostprocessing = 0;
			shellPath = /bin/sh;
			shellScript = "\"${SRCROOT}/Pods/Target Support Files/Pods-WebViewDemoTests/Pods-WebViewDemoTests-resources.sh\"\n";
			showEnvVarsInLog = 0;
		};
		E0595C95D2D194A26145D8D4 /* [CP] Copy Pods Resources */ = {
			isa = PBXShellScriptBuildPhase;
			buildActionMask = 2147483647;
			files = (
			);
			inputPaths = (
			);
			name = "[CP] Copy Pods Resources";
			outputPaths = (
			);
			runOnlyForDeploymentPostprocessing = 0;
			shellPath = /bin/sh;
			shellScript = "\"${SRCROOT}/Pods/Target Support Files/Pods-WebViewDemoUITests/Pods-WebViewDemoUITests-resources.sh\"\n";
			showEnvVarsInLog = 0;
		};
		E7737EEB66255D934B018D81 /* [CP] Embed Pods Frameworks */ = {
			isa = PBXShellScriptBuildPhase;
			buildActionMask = 2147483647;
			files = (
			);
			inputPaths = (
			);
			name = "[CP] Embed Pods Frameworks";
			outputPaths = (
			);
			runOnlyForDeploymentPostprocessing = 0;
			shellPath = /bin/sh;
			shellScript = "\"${SRCROOT}/Pods/Target Support Files/Pods-WebViewDemo/Pods-WebViewDemo-frameworks.sh\"\n";
			showEnvVarsInLog = 0;
		};
/* End PBXShellScriptBuildPhase section */

/* Begin PBXSourcesBuildPhase section */
		FCF190371D11858800900974 /* Sources */ = {
			isa = PBXSourcesBuildPhase;
			buildActionMask = 2147483647;
			files = (
				FC353B7B1D2CD44A00BC5A2A /* JavaScripService.m in Sources */,
				FCB6083E1D5196A300A6D5B0 /* RootoViewController.m in Sources */,
				FCF190461D11858800900974 /* ViewController.m in Sources */,
				FCF190431D11858800900974 /* AppDelegate.m in Sources */,
				FC5FB7511D29492A0096A042 /* NSNumber+Caculator.m in Sources */,
				FCD771EF1D27B42900005CC7 /* UIFactory.m in Sources */,
				FC5FB74E1D27B85F0096A042 /* UIButton+Block.m in Sources */,
				FCF190751D1185CC00900974 /* UIWebView+JavaScript.m in Sources */,
				FCF190401D11858800900974 /* main.m in Sources */,
			);
			runOnlyForDeploymentPostprocessing = 0;
		};
		FCF190501D11858900900974 /* Sources */ = {
			isa = PBXSourcesBuildPhase;
			buildActionMask = 2147483647;
			files = (
				FCF190591D11858900900974 /* WebViewDemoTests.m in Sources */,
				FC5FB7551D2950760096A042 /* NSNumberCaculatorTest.m in Sources */,
			);
			runOnlyForDeploymentPostprocessing = 0;
		};
		FCF1905B1D11858900900974 /* Sources */ = {
			isa = PBXSourcesBuildPhase;
			buildActionMask = 2147483647;
			files = (
				FCF190641D11858900900974 /* WebViewDemoUITests.m in Sources */,
			);
			runOnlyForDeploymentPostprocessing = 0;
		};
/* End PBXSourcesBuildPhase section */

/* Begin PBXTargetDependency section */
		FCF190561D11858900900974 /* PBXTargetDependency */ = {
			isa = PBXTargetDependency;
			target = FCF1903A1D11858800900974 /* WebViewDemo */;
			targetProxy = FCF190551D11858900900974 /* PBXContainerItemProxy */;
		};
		FCF190611D11858900900974 /* PBXTargetDependency */ = {
			isa = PBXTargetDependency;
			target = FCF1903A1D11858800900974 /* WebViewDemo */;
			targetProxy = FCF190601D11858900900974 /* PBXContainerItemProxy */;
		};
/* End PBXTargetDependency section */

/* Begin PBXVariantGroup section */
		FCF190471D11858800900974 /* Main.storyboard */ = {
			isa = PBXVariantGroup;
			children = (
				FCF190481D11858800900974 /* Base */,
			);
			name = Main.storyboard;
			sourceTree = "<group>";
		};
		FCF1904C1D11858800900974 /* LaunchScreen.storyboard */ = {
			isa = PBXVariantGroup;
			children = (
				FCF1904D1D11858800900974 /* Base */,
			);
			name = LaunchScreen.storyboard;
			sourceTree = "<group>";
		};
/* End PBXVariantGroup section */

/* Begin XCBuildConfiguration section */
		FCF190661D11858900900974 /* Debug */ = {
			isa = XCBuildConfiguration;
			buildSettings = {
				ALWAYS_SEARCH_USER_PATHS = NO;
				CLANG_ANALYZER_NONNULL = YES;
				CLANG_CXX_LANGUAGE_STANDARD = "gnu++0x";
				CLANG_CXX_LIBRARY = "libc++";
				CLANG_ENABLE_MODULES = YES;
				CLANG_ENABLE_OBJC_ARC = YES;
				CLANG_WARN_BOOL_CONVERSION = YES;
				CLANG_WARN_CONSTANT_CONVERSION = YES;
				CLANG_WARN_DIRECT_OBJC_ISA_USAGE = YES_ERROR;
				CLANG_WARN_EMPTY_BODY = YES;
				CLANG_WARN_ENUM_CONVERSION = YES;
				CLANG_WARN_INT_CONVERSION = YES;
				CLANG_WARN_OBJC_ROOT_CLASS = YES_ERROR;
				CLANG_WARN_UNREACHABLE_CODE = YES;
				CLANG_WARN__DUPLICATE_METHOD_MATCH = YES;
				"CODE_SIGN_IDENTITY[sdk=iphoneos*]" = "iPhone Developer";
				COPY_PHASE_STRIP = NO;
				DEBUG_INFORMATION_FORMAT = dwarf;
				ENABLE_STRICT_OBJC_MSGSEND = YES;
				ENABLE_TESTABILITY = YES;
				GCC_C_LANGUAGE_STANDARD = gnu99;
				GCC_DYNAMIC_NO_PIC = NO;
				GCC_NO_COMMON_BLOCKS = YES;
				GCC_OPTIMIZATION_LEVEL = 0;
				GCC_PREPROCESSOR_DEFINITIONS = (
					"DEBUG=1",
					"$(inherited)",
				);
				GCC_WARN_64_TO_32_BIT_CONVERSION = YES;
				GCC_WARN_ABOUT_RETURN_TYPE = YES_ERROR;
				GCC_WARN_UNDECLARED_SELECTOR = YES;
				GCC_WARN_UNINITIALIZED_AUTOS = YES_AGGRESSIVE;
				GCC_WARN_UNUSED_FUNCTION = YES;
				GCC_WARN_UNUSED_VARIABLE = YES;
				IPHONEOS_DEPLOYMENT_TARGET = 9.3;
				MTL_ENABLE_DEBUG_INFO = YES;
				ONLY_ACTIVE_ARCH = YES;
				SDKROOT = iphoneos;
			};
			name = Debug;
		};
		FCF190671D11858900900974 /* Release */ = {
			isa = XCBuildConfiguration;
			buildSettings = {
				ALWAYS_SEARCH_USER_PATHS = NO;
				CLANG_ANALYZER_NONNULL = YES;
				CLANG_CXX_LANGUAGE_STANDARD = "gnu++0x";
				CLANG_CXX_LIBRARY = "libc++";
				CLANG_ENABLE_MODULES = YES;
				CLANG_ENABLE_OBJC_ARC = YES;
				CLANG_WARN_BOOL_CONVERSION = YES;
				CLANG_WARN_CONSTANT_CONVERSION = YES;
				CLANG_WARN_DIRECT_OBJC_ISA_USAGE = YES_ERROR;
				CLANG_WARN_EMPTY_BODY = YES;
				CLANG_WARN_ENUM_CONVERSION = YES;
				CLANG_WARN_INT_CONVERSION = YES;
				CLANG_WARN_OBJC_ROOT_CLASS = YES_ERROR;
				CLANG_WARN_UNREACHABLE_CODE = YES;
				CLANG_WARN__DUPLICATE_METHOD_MATCH = YES;
				"CODE_SIGN_IDENTITY[sdk=iphoneos*]" = "iPhone Developer";
				COPY_PHASE_STRIP = NO;
				DEBUG_INFORMATION_FORMAT = "dwarf-with-dsym";
				ENABLE_NS_ASSERTIONS = NO;
				ENABLE_STRICT_OBJC_MSGSEND = YES;
				GCC_C_LANGUAGE_STANDARD = gnu99;
				GCC_NO_COMMON_BLOCKS = YES;
				GCC_WARN_64_TO_32_BIT_CONVERSION = YES;
				GCC_WARN_ABOUT_RETURN_TYPE = YES_ERROR;
				GCC_WARN_UNDECLARED_SELECTOR = YES;
				GCC_WARN_UNINITIALIZED_AUTOS = YES_AGGRESSIVE;
				GCC_WARN_UNUSED_FUNCTION = YES;
				GCC_WARN_UNUSED_VARIABLE = YES;
				IPHONEOS_DEPLOYMENT_TARGET = 9.3;
				MTL_ENABLE_DEBUG_INFO = NO;
				SDKROOT = iphoneos;
				VALIDATE_PRODUCT = YES;
			};
			name = Release;
		};
		FCF190691D11858900900974 /* Debug */ = {
			isa = XCBuildConfiguration;
			baseConfigurationReference = DBE2905A210B08A49E5CB168 /* Pods-WebViewDemo.debug.xcconfig */;
			buildSettings = {
				ASSETCATALOG_COMPILER_APPICON_NAME = AppIcon;
				INFOPLIST_FILE = WebViewDemo/Info.plist;
				LD_RUNPATH_SEARCH_PATHS = "$(inherited) @executable_path/Frameworks";
				PRODUCT_BUNDLE_IDENTIFIER = com.myjob.WebViewDemo;
				PRODUCT_NAME = "$(TARGET_NAME)";
			};
			name = Debug;
		};
		FCF1906A1D11858900900974 /* Release */ = {
			isa = XCBuildConfiguration;
			baseConfigurationReference = 18945E0BBED292DB5CA2DB97 /* Pods-WebViewDemo.release.xcconfig */;
			buildSettings = {
				ASSETCATALOG_COMPILER_APPICON_NAME = AppIcon;
				INFOPLIST_FILE = WebViewDemo/Info.plist;
				LD_RUNPATH_SEARCH_PATHS = "$(inherited) @executable_path/Frameworks";
				PRODUCT_BUNDLE_IDENTIFIER = com.myjob.WebViewDemo;
				PRODUCT_NAME = "$(TARGET_NAME)";
			};
			name = Release;
		};
		FCF1906C1D11858900900974 /* Debug */ = {
			isa = XCBuildConfiguration;
			baseConfigurationReference = 2EFC244D3E22712CE8B9B4E1 /* Pods-WebViewDemoTests.debug.xcconfig */;
			buildSettings = {
				BUNDLE_LOADER = "$(TEST_HOST)";
				INFOPLIST_FILE = WebViewDemoTests/Info.plist;
				LD_RUNPATH_SEARCH_PATHS = "$(inherited) @executable_path/Frameworks @loader_path/Frameworks";
				PRODUCT_BUNDLE_IDENTIFIER = com.myjob.WebViewDemoTests;
				PRODUCT_NAME = "$(TARGET_NAME)";
				TEST_HOST = "$(BUILT_PRODUCTS_DIR)/WebViewDemo.app/WebViewDemo";
			};
			name = Debug;
		};
		FCF1906D1D11858900900974 /* Release */ = {
			isa = XCBuildConfiguration;
			baseConfigurationReference = E2A7DC3DACE29DE3103F2F9F /* Pods-WebViewDemoTests.release.xcconfig */;
			buildSettings = {
				BUNDLE_LOADER = "$(TEST_HOST)";
				INFOPLIST_FILE = WebViewDemoTests/Info.plist;
				LD_RUNPATH_SEARCH_PATHS = "$(inherited) @executable_path/Frameworks @loader_path/Frameworks";
				PRODUCT_BUNDLE_IDENTIFIER = com.myjob.WebViewDemoTests;
				PRODUCT_NAME = "$(TARGET_NAME)";
				TEST_HOST = "$(BUILT_PRODUCTS_DIR)/WebViewDemo.app/WebViewDemo";
			};
			name = Release;
		};
		FCF1906F1D11858900900974 /* Debug */ = {
			isa = XCBuildConfiguration;
			baseConfigurationReference = 319829F7175395FA4CFE4BC9 /* Pods-WebViewDemoUITests.debug.xcconfig */;
			buildSettings = {
				INFOPLIST_FILE = WebViewDemoUITests/Info.plist;
				LD_RUNPATH_SEARCH_PATHS = "$(inherited) @executable_path/Frameworks @loader_path/Frameworks";
				PRODUCT_BUNDLE_IDENTIFIER = com.myjob.WebViewDemoUITests;
				PRODUCT_NAME = "$(TARGET_NAME)";
				TEST_TARGET_NAME = WebViewDemo;
			};
			name = Debug;
		};
		FCF190701D11858900900974 /* Release */ = {
			isa = XCBuildConfiguration;
			baseConfigurationReference = 872A1A1C19698B60A1851AC2 /* Pods-WebViewDemoUITests.release.xcconfig */;
			buildSettings = {
				INFOPLIST_FILE = WebViewDemoUITests/Info.plist;
				LD_RUNPATH_SEARCH_PATHS = "$(inherited) @executable_path/Frameworks @loader_path/Frameworks";
				PRODUCT_BUNDLE_IDENTIFIER = com.myjob.WebViewDemoUITests;
				PRODUCT_NAME = "$(TARGET_NAME)";
				TEST_TARGET_NAME = WebViewDemo;
			};
			name = Release;
		};
/* End XCBuildConfiguration section */

/* Begin XCConfigurationList section */
		FCF190361D11858800900974 /* Build configuration list for PBXProject "WebViewDemo" */ = {
			isa = XCConfigurationList;
			buildConfigurations = (
				FCF190661D11858900900974 /* Debug */,
				FCF190671D11858900900974 /* Release */,
			);
			defaultConfigurationIsVisible = 0;
			defaultConfigurationName = Release;
		};
		FCF190681D11858900900974 /* Build configuration list for PBXNativeTarget "WebViewDemo" */ = {
			isa = XCConfigurationList;
			buildConfigurations = (
				FCF190691D11858900900974 /* Debug */,
				FCF1906A1D11858900900974 /* Release */,
			);
			defaultConfigurationIsVisible = 0;
			defaultConfigurationName = Release;
		};
		FCF1906B1D11858900900974 /* Build configuration list for PBXNativeTarget "WebViewDemoTests" */ = {
			isa = XCConfigurationList;
			buildConfigurations = (
				FCF1906C1D11858900900974 /* Debug */,
				FCF1906D1D11858900900974 /* Release */,
			);
			defaultConfigurationIsVisible = 0;
			defaultConfigurationName = Release;
		};
		FCF1906E1D11858900900974 /* Build configuration list for PBXNativeTarget "WebViewDemoUITests" */ = {
			isa = XCConfigurationList;
			buildConfigurations = (
				FCF1906F1D11858900900974 /* Debug */,
				FCF190701D11858900900974 /* Release */,
			);
			defaultConfigurationIsVisible = 0;
			defaultConfigurationName = Release;
		};
/* End XCConfigurationList section */
	};
	rootObject = FCF190331D11858800900974 /* Project object */;
}
